
Microsoft Visual Studio Solution File, Format Version 12.00
# Visual Studio Version 17
VisualStudioVersion = 17.0.32126.317
MinimumVisualStudioVersion = 10.0.40219.1
Project("{FAE04EC0-301F-11D3-BF4B-00C04F79EFBC}") = "Calendar with Notepad.Android", "Calendar with Notepad.Android\Calendar with Notepad.Android.csproj", "{FCB8CC6E-2AB2-4443-9590-D7F52C7C618A}"
EndProject
Project("{FAE04EC0-301F-11D3-BF4B-00C04F79EFBC}") = "Calendar with Notepad", "Calendar with Notepad\Calendar with Notepad.csproj", "{C1A769D7-5F23-4E15-905F-6A7A7D870CE8}"
EndProject
Global
	GlobalSection(SolutionConfigurationPlatforms) = preSolution
		Debug|Any CPU = Debug|Any CPU
		Release|Any CPU = Release|Any CPU
	EndGlobalSection
	GlobalSection(ProjectConfigurationPlatforms) = postSolution
		{FCB8CC6E-2AB2-4443-9590-D7F52C7C618A}.Debug|Any CPU.ActiveCfg = Debug|Any CPU
		{FCB8CC6E-2AB2-4443-9590-D7F52C7C618A}.Debug|Any CPU.Build.0 = Debug|Any CPU
		{FCB8CC6E-2AB2-4443-9590-D7F52C7C618A}.Debug|Any CPU.Deploy.0 = Debug|Any CPU
		{FCB8CC6E-2AB2-4443-9590-D7F52C7C618A}.Release|Any CPU.ActiveCfg = Release|Any CPU
		{FCB8CC6E-2AB2-4443-9590-D7F52C7C618A}.Release|Any CPU.Build.0 = Release|Any CPU
		{FCB8CC6E-2AB2-4443-9590-D7F52C7C618A}.Release|Any CPU.Deploy.0 = Release|Any CPU
		{C1A769D7-5F23-4E15-905F-6A7A7D870CE8}.Debug|Any CPU.ActiveCfg = Debug|Any CPU
		{C1A769D7-5F23-4E15-905F-6A7A7D870CE8}.Debug|Any CPU.Build.0 = Debug|Any CPU
		{C1A769D7-5F23-4E15-905F-6A7A7D870CE8}.Debug|Any CPU.Deploy.0 = Debug|Any CPU
		{C1A769D7-5F23-4E15-905F-6A7A7D870CE8}.Release|Any CPU.ActiveCfg = Release|Any CPU
		{C1A769D7-5F23-4E15-905F-6A7A7D870CE8}.Release|Any CPU.Build.0 = Release|Any CPU
		{C1A769D7-5F23-4E15-905F-6A7A7D870CE8}.Release|Any CPU.Deploy.0 = Release|Any CPU
	EndGlobalSection
	GlobalSection(SolutionProperties) = preSolution
		HideSolutionNode = FALSE
	EndGlobalSection
	GlobalSection(ExtensibilityGlobals) = postSolution
		SolutionGuid = {D3C0A628-8E7F-49E8-ACF5-6275D52F8DD7}
	EndGlobalSection
EndGlobal
